{
  "name": "ContributorLicenseAgreement",
  "lockfileVersion": 3,
  "requires": true,
  "packages": {
    "": {
      "dependencies": {
        "powershell-to-console": "^0.0.3"
      }
    },
    "node_modules/powershell-to-console": {
      "version": "0.0.3",
      "resolved": "https://registry.npmjs.org/powershell-to-console/-/powershell-to-console-0.0.3.tgz",
      "integrity": "sha512-hm+YT3vqyEjfWuPPPoNLt/+738YnuF0TvoKmzXpgS6Wbrqg5KaaL1z+F1ZR+mqbcXczNq2AoBOoIiK+Zthj/SA=="
    }
  }
}
